
Microsoft Visual Studio Solution File, Format Version 11.00
# Visual Studio 2010
Project("{FAE04EC0-301F-11D3-BF4B-00C04F79EFBC}") = "Themes-to-Epics", "Themes-to-Epics.csproj", "{F36D926B-A90E-4483-B897-F8F47E80C092}"
EndProject
Global
	GlobalSection(SolutionConfigurationPlatforms) = preSolution
		Debug|Any CPU = Debug|Any CPU
		Release|Any CPU = Release|Any CPU
	EndGlobalSection
	GlobalSection(ProjectConfigurationPlatforms) = postSolution
		{F36D926B-A90E-4483-B897-F8F47E80C092}.Debug|Any CPU.ActiveCfg = Debug|Any CPU
		{F36D926B-A90E-4483-B897-F8F47E80C092}.Debug|Any CPU.Build.0 = Debug|Any CPU
		{F36D926B-A90E-4483-B897-F8F47E80C092}.Release|Any CPU.ActiveCfg = Release|Any CPU
		{F36D926B-A90E-4483-B897-F8F47E80C092}.Release|Any CPU.Build.0 = Release|Any CPU
	EndGlobalSection
	GlobalSection(SolutionProperties) = preSolution
		HideSolutionNode = FALSE
	EndGlobalSection
EndGlobal
